
Microsoft Visual Studio Solution File, Format Version 12.00
# Visual Studio Version 17
VisualStudioVersion = 17.1.32228.430
MinimumVisualStudioVersion = 10.0.40219.1
Project("{FAE04EC0-301F-11D3-BF4B-00C04F79EFBC}") = "leaveManagement.Web", "leaveManagement.Web\leaveManagement.Web.csproj", "{79E39C1C-7F33-45C2-BCB9-0C4806BD996B}"
EndProject
Global
	GlobalSection(SolutionConfigurationPlatforms) = preSolution
		Debug|Any CPU = Debug|Any CPU
		Release|Any CPU = Release|Any CPU
	EndGlobalSection
	GlobalSection(ProjectConfigurationPlatforms) = postSolution
		{79E39C1C-7F33-45C2-BCB9-0C4806BD996B}.Debug|Any CPU.ActiveCfg = Debug|Any CPU
		{79E39C1C-7F33-45C2-BCB9-0C4806BD996B}.Debug|Any CPU.Build.0 = Debug|Any CPU
		{79E39C1C-7F33-45C2-BCB9-0C4806BD996B}.Release|Any CPU.ActiveCfg = Release|Any CPU
		{79E39C1C-7F33-45C2-BCB9-0C4806BD996B}.Release|Any CPU.Build.0 = Release|Any CPU
	EndGlobalSection
	GlobalSection(SolutionProperties) = preSolution
		HideSolutionNode = FALSE
	EndGlobalSection
	GlobalSection(ExtensibilityGlobals) = postSolution
		SolutionGuid = {C5161CBC-0429-4641-B592-244D8387F713}
	EndGlobalSection
EndGlobal
